{
    "_readme": [
        "This file locks the dependencies of your project to a known state",
        "Read more about it at https://getcomposer.org/doc/01-basic-usage.md#installing-dependencies",
        "This file is @generated automatically"
    ],
    "content-hash": "94a2d64fe2ba8fd40aef36dda0170ef2",
    "packages": [
        {
            "name": "viewi/viewi",
            "version": "v0.6.4",
            "source": {
                "type": "git",
                "url": "https://github.com/viewi/viewi.git",
                "reference": "122807b49fe877f4baf911149bc6e24f4b2f07fd"
            },
            "dist": {
                "type": "zip",
                "url": "https://api.github.com/repos/viewi/viewi/zipball/122807b49fe877f4baf911149bc6e24f4b2f07fd",
                "reference": "122807b49fe877f4baf911149bc6e24f4b2f07fd",
                "shasum": ""
            },
            "require": {
                "ext-json": "*",
                "php": "^7.4 || ^8.0"
            },
            "bin": [
                "bin/viewi"
            ],
            "type": "library",
            "autoload": {
                "psr-4": {
                    "Viewi\\": "src/Viewi/"
                }
            },
            "notification-url": "https://packagist.org/downloads/",
            "license": [
                "MIT"
            ],
            "authors": [
                {
                    "name": "Ivan Voitovych",
                    "email": "col606v@gmail.com"
                }
            ],
            "description": "Powerful tool for building progressive and completely reactive web applications",
            "keywords": [
                "reactive",
                "template",
                "ui",
                "viewi"
            ],
            "support": {
                "issues": "https://github.com/viewi/viewi/issues",
                "source": "https://github.com/viewi/viewi/tree/v0.6.4"
            },
            "funding": [
                {
                    "url": "https://www.buymeacoffee.com/ivan.v",
                    "type": "custom"
                }
            ],
            "time": "2022-09-25T16:11:56+00:00"
        }
    ],
    "packages-dev": [],
    "aliases": [],
    "minimum-stability": "stable",
    "stability-flags": [],
    "prefer-stable": false,
    "prefer-lowest": false,
    "platform": [],
    "platform-dev": [],
    "plugin-api-version": "2.2.0"
}
