{
    "_readme": [
        "This file locks the dependencies of your project to a known state",
        "Read more about it at https://getcomposer.org/doc/01-basic-usage.md#installing-dependencies",
        "This file is @generated automatically"
    ],
    "content-hash": "f856dd054502d2bfad1d049e44937187",
    "packages": [
        {
            "name": "viewi/viewi",
            "version": "v0.1.2",
            "source": {
                "type": "git",
                "url": "https://github.com/viewi/viewi.git",
                "reference": "4adc9525ed2d2b465baeb371ddf2022e5d6c4a58"
            },
            "dist": {
                "type": "zip",
                "url": "https://api.github.com/repos/viewi/viewi/zipball/4adc9525ed2d2b465baeb371ddf2022e5d6c4a58",
                "reference": "4adc9525ed2d2b465baeb371ddf2022e5d6c4a58",
                "shasum": ""
            },
            "require": {
                "php": "^7.4 || ^8.0"
            },
            "bin": [
                "bin/viewi"
            ],
            "type": "library",
            "autoload": {
                "psr-4": {
                    "Viewi\\": "src/Viewi/"
                }
            },
            "notification-url": "https://packagist.org/downloads/",
            "license": [
                "MIT"
            ],
            "description": "Powerful tool for building progressive and completely reactive web applications",
            "keywords": [
                "reactive",
                "template",
                "ui",
                "viewi"
            ],
            "support": {
                "issues": "https://github.com/viewi/viewi/issues",
                "source": "https://github.com/viewi/viewi/tree/v0.1.2"
            },
            "time": "2022-01-02T08:19:40+00:00"
        }
    ],
    "packages-dev": [],
    "aliases": [],
    "minimum-stability": "stable",
    "stability-flags": [],
    "prefer-stable": false,
    "prefer-lowest": false,
    "platform": [],
    "platform-dev": [],
    "plugin-api-version": "2.2.0"
}
